
Microsoft Visual Studio Solution File, Format Version 12.00
# Visual Studio Version 16
VisualStudioVersion = 16.0.29613.14
MinimumVisualStudioVersion = 10.0.40219.1
Project("{9A19103F-16F7-4668-BE54-9A1E7A4F7556}") = "Socks5Server", "Socks5Server\Socks5Server.csproj", "{95F34EEF-F64A-407A-9778-E552B6F1BB6D}"
EndProject
Project("{9A19103F-16F7-4668-BE54-9A1E7A4F7556}") = "TestConsole", "TestConsole\TestConsole.csproj", "{AD55FB78-5CC1-422F-9176-26E5017E4F09}"
EndProject
Project("{FAE04EC0-301F-11D3-BF4B-00C04F79EFBC}") = "EdgeServer", "EdgeServer\EdgeServer.csproj", "{8C1EB5CE-B899-481B-B3B2-A757C4890AD0}"
EndProject
Global
	GlobalSection(SolutionConfigurationPlatforms) = preSolution
		Debug|Any CPU = Debug|Any CPU
		Release|Any CPU = Release|Any CPU
	EndGlobalSection
	GlobalSection(ProjectConfigurationPlatforms) = postSolution
		{95F34EEF-F64A-407A-9778-E552B6F1BB6D}.Debug|Any CPU.ActiveCfg = Debug|Any CPU
		{95F34EEF-F64A-407A-9778-E552B6F1BB6D}.Debug|Any CPU.Build.0 = Debug|Any CPU
		{95F34EEF-F64A-407A-9778-E552B6F1BB6D}.Release|Any CPU.ActiveCfg = Release|Any CPU
		{95F34EEF-F64A-407A-9778-E552B6F1BB6D}.Release|Any CPU.Build.0 = Release|Any CPU
		{AD55FB78-5CC1-422F-9176-26E5017E4F09}.Debug|Any CPU.ActiveCfg = Debug|Any CPU
		{AD55FB78-5CC1-422F-9176-26E5017E4F09}.Debug|Any CPU.Build.0 = Debug|Any CPU
		{AD55FB78-5CC1-422F-9176-26E5017E4F09}.Release|Any CPU.ActiveCfg = Release|Any CPU
		{AD55FB78-5CC1-422F-9176-26E5017E4F09}.Release|Any CPU.Build.0 = Release|Any CPU
		{8C1EB5CE-B899-481B-B3B2-A757C4890AD0}.Debug|Any CPU.ActiveCfg = Debug|Any CPU
		{8C1EB5CE-B899-481B-B3B2-A757C4890AD0}.Debug|Any CPU.Build.0 = Debug|Any CPU
		{8C1EB5CE-B899-481B-B3B2-A757C4890AD0}.Release|Any CPU.ActiveCfg = Release|Any CPU
		{8C1EB5CE-B899-481B-B3B2-A757C4890AD0}.Release|Any CPU.Build.0 = Release|Any CPU
	EndGlobalSection
	GlobalSection(SolutionProperties) = preSolution
		HideSolutionNode = FALSE
	EndGlobalSection
	GlobalSection(ExtensibilityGlobals) = postSolution
		SolutionGuid = {23F041A1-9889-402A-A29C-7725EEE16C20}
	EndGlobalSection
EndGlobal
